{
  "requires": true,
  "lockfileVersion": 1,
  "dependencies": {
    "react-lazyload": {
      "version": "2.6.2",
      "resolved": "https://registry.npmjs.org/react-lazyload/-/react-lazyload-2.6.2.tgz",
      "integrity": "sha512-zbFiwI3H7W0/Qvb6T/ew2NiGe2wj+soYNW7vv5Dte1eZuJDvvyUOHo8GpYfEeWoP5x4Rree2Hwop+lCISalBwg=="
    }
  }
}
