
Microsoft Visual Studio Solution File, Format Version 12.00
# Visual Studio Version 16
VisualStudioVersion = 16.0.29001.49
MinimumVisualStudioVersion = 10.0.40219.1
Project("{FAE04EC0-301F-11D3-BF4B-00C04F79EFBC}") = "WebStore", "WebStore.csproj", "{F3B85494-44CA-4309-A282-BC46BCC507A3}"
EndProject
Global
	GlobalSection(SolutionConfigurationPlatforms) = preSolution
		Debug|Any CPU = Debug|Any CPU
		Release|Any CPU = Release|Any CPU
	EndGlobalSection
	GlobalSection(ProjectConfigurationPlatforms) = postSolution
		{F3B85494-44CA-4309-A282-BC46BCC507A3}.Debug|Any CPU.ActiveCfg = Debug|Any CPU
		{F3B85494-44CA-4309-A282-BC46BCC507A3}.Debug|Any CPU.Build.0 = Debug|Any CPU
		{F3B85494-44CA-4309-A282-BC46BCC507A3}.Release|Any CPU.ActiveCfg = Release|Any CPU
		{F3B85494-44CA-4309-A282-BC46BCC507A3}.Release|Any CPU.Build.0 = Release|Any CPU
	EndGlobalSection
	GlobalSection(SolutionProperties) = preSolution
		HideSolutionNode = FALSE
	EndGlobalSection
	GlobalSection(ExtensibilityGlobals) = postSolution
		SolutionGuid = {B84F5E3F-091D-4955-B3DF-897E416A5F5C}
	EndGlobalSection
EndGlobal
